
Microsoft Visual Studio Solution File, Format Version 12.00
# Visual Studio Version 17
VisualStudioVersion = 17.9.34728.123
MinimumVisualStudioVersion = 10.0.40219.1
Project("{FAE04EC0-301F-11D3-BF4B-00C04F79EFBC}") = "WareHause", "WareHause\WareHause.csproj", "{10CDE6DB-B976-4391-9009-F40713F53DA3}"
EndProject
Global
	GlobalSection(SolutionConfigurationPlatforms) = preSolution
		Debug|Any CPU = Debug|Any CPU
		Release|Any CPU = Release|Any CPU
	EndGlobalSection
	GlobalSection(ProjectConfigurationPlatforms) = postSolution
		{10CDE6DB-B976-4391-9009-F40713F53DA3}.Debug|Any CPU.ActiveCfg = Debug|Any CPU
		{10CDE6DB-B976-4391-9009-F40713F53DA3}.Debug|Any CPU.Build.0 = Debug|Any CPU
		{10CDE6DB-B976-4391-9009-F40713F53DA3}.Release|Any CPU.ActiveCfg = Release|Any CPU
		{10CDE6DB-B976-4391-9009-F40713F53DA3}.Release|Any CPU.Build.0 = Release|Any CPU
	EndGlobalSection
	GlobalSection(SolutionProperties) = preSolution
		HideSolutionNode = FALSE
	EndGlobalSection
	GlobalSection(ExtensibilityGlobals) = postSolution
		SolutionGuid = {D4E42127-B9BE-4C69-A9F1-A04023C7E30B}
	EndGlobalSection
EndGlobal
